
Microsoft Visual Studio Solution File, Format Version 12.00
# Visual Studio Version 17
VisualStudioVersion = 17.9.34714.143
MinimumVisualStudioVersion = 10.0.40219.1
Project("{FAE04EC0-301F-11D3-BF4B-00C04F79EFBC}") = "BachHoaXanh02", "BachHoaXanh02\BachHoaXanh02.csproj", "{98A26A68-3C5C-4D73-8806-54AFBE19364B}"
EndProject
Global
	GlobalSection(SolutionConfigurationPlatforms) = preSolution
		Debug|Any CPU = Debug|Any CPU
		Release|Any CPU = Release|Any CPU
	EndGlobalSection
	GlobalSection(ProjectConfigurationPlatforms) = postSolution
		{98A26A68-3C5C-4D73-8806-54AFBE19364B}.Debug|Any CPU.ActiveCfg = Debug|Any CPU
		{98A26A68-3C5C-4D73-8806-54AFBE19364B}.Debug|Any CPU.Build.0 = Debug|Any CPU
		{98A26A68-3C5C-4D73-8806-54AFBE19364B}.Release|Any CPU.ActiveCfg = Release|Any CPU
		{98A26A68-3C5C-4D73-8806-54AFBE19364B}.Release|Any CPU.Build.0 = Release|Any CPU
	EndGlobalSection
	GlobalSection(SolutionProperties) = preSolution
		HideSolutionNode = FALSE
	EndGlobalSection
	GlobalSection(ExtensibilityGlobals) = postSolution
		SolutionGuid = {D4702D2E-B149-41BC-B076-2EABE5F6C435}
	EndGlobalSection
EndGlobal
